
Microsoft Visual Studio Solution File, Format Version 12.00
# Visual Studio Version 17
VisualStudioVersion = 17.3.32901.215
MinimumVisualStudioVersion = 10.0.40219.1
Project("{9A19103F-16F7-4668-BE54-9A1E7A4F7556}") = "XLibrary", "XLibrary.csproj", "{CFEFAEEE-1867-4EB1-99DD-582CE9552D86}"
EndProject
Global
	GlobalSection(SolutionConfigurationPlatforms) = preSolution
		Debug|Any CPU = Debug|Any CPU
		Release|Any CPU = Release|Any CPU
	EndGlobalSection
	GlobalSection(ProjectConfigurationPlatforms) = postSolution
		{CFEFAEEE-1867-4EB1-99DD-582CE9552D86}.Debug|Any CPU.ActiveCfg = Debug|Any CPU
		{CFEFAEEE-1867-4EB1-99DD-582CE9552D86}.Debug|Any CPU.Build.0 = Debug|Any CPU
		{CFEFAEEE-1867-4EB1-99DD-582CE9552D86}.Release|Any CPU.ActiveCfg = Release|Any CPU
		{CFEFAEEE-1867-4EB1-99DD-582CE9552D86}.Release|Any CPU.Build.0 = Release|Any CPU
	EndGlobalSection
	GlobalSection(SolutionProperties) = preSolution
		HideSolutionNode = FALSE
	EndGlobalSection
	GlobalSection(ExtensibilityGlobals) = postSolution
		SolutionGuid = {53E5ED19-C8A0-4DDE-8ED9-338F426D5449}
	EndGlobalSection
EndGlobal
